{
  "name": "example",
  "version": "1.0.0",
  "lockfileVersion": 1,
  "requires": true,
  "dependencies": {
    "@jridgewell/gen-mapping": {
      "version": "0.3.2",
      "resolved": "https://registry.npmjs.org/@jridgewell/gen-mapping/-/gen-mapping-0.3.2.tgz",
      "integrity": "sha512-mh65xKQAzI6iBcFzwv28KVWSmCkdRBWoOh+bYQGW3+6OZvbbN3TqMGo5hqYxQniRcH9F2VZIoJCm4pa3BPDK/A==",
      "dev": true,
      "requires": {
        "@jridgewell/set-array": "^1.0.1",
        "@jridgewell/sourcemap-codec": "^1.4.10",
        "@jridgewell/trace-mapping": "^0.3.9"
      }
    },
    "@jridgewell/resolve-uri": {
      "version": "3.1.0",
      "resolved": "https://registry.npmjs.org/@jridgewell/resolve-uri/-/resolve-uri-3.1.0.tgz",
      "integrity": "sha512-F2msla3tad+Mfht5cJq7LSXcdudKTWCVYUgw6pLFOOHSTtZlj6SWNYAp+AhuqLmWdBO2X5hPrLcu8cVP8fy28w==",
      "dev": true
    },
    "@jridgewell/set-array": {
      "version": "1.1.2",
      "resolved": "https://registry.npmjs.org/@jridgewell/set-array/-/set-array-1.1.2.tgz",
      "integrity": "sha512-xnkseuNADM0gt2bs+BvhO0p78Mk762YnZdsuzFV018NoG1Sj1SCQvpSqa7XUaTam5vAGasABV9qXASMKnFMwMw==",
      "dev": true
    },
    "@jridgewell/source-map": {
      "version": "0.3.2",
      "resolved": "https://registry.npmjs.org/@jridgewell/source-map/-/source-map-0.3.2.tgz",
      "integrity": "sha512-m7O9o2uR8k2ObDysZYzdfhb08VuEml5oWGiosa1VdaPZ/A6QyPkAJuwN0Q1lhULOf6B7MtQmHENS743hWtCrgw==",
      "dev": true,
      "requires": {
        "@jridgewell/gen-mapping": "^0.3.0",
        "@jridgewell/trace-mapping": "^0.3.9"
      }
    },
    "@jridgewell/sourcemap-codec": {
      "version": "1.4.14",
      "resolved": "https://registry.npmjs.org/@jridgewell/sourcemap-codec/-/sourcemap-codec-1.4.14.tgz",
      "integrity": "sha512-XPSJHWmi394fuUuzDnGz1wiKqWfo1yXecHQMRf2l6hztTO+nPru658AyDngaBe7isIxEkRsPR3FZh+s7iVa4Uw==",
      "dev": true
    },
    "@jridgewell/trace-mapping": {
      "version": "0.3.14",
      "resolved": "https://registry.npmjs.org/@jridgewell/trace-mapping/-/trace-mapping-0.3.14.tgz",
      "integrity": "sha512-bJWEfQ9lPTvm3SneWwRFVLzrh6nhjwqw7TUFFBEMzwvg7t7PCDenf2lDwqo4NQXzdpgBXyFgDWnQA+2vkruksQ==",
      "dev": true,
      "requires": {
        "@jridgewell/resolve-uri": "^3.0.3",
        "@jridgewell/sourcemap-codec": "^1.4.10"
      }
    },
    "@types/eslint": {
      "version": "8.2.0",
      "resolved": "http://artifactory.intra.xiaojukeji.com/artifactory/api/npm/npm/@types/eslint/download/@types/eslint-8.2.0.tgz?dl=https%3A%2F%2Fregistry.npmmirror.com%2F%40types%2Feslint%2Fdownload%2F%40types%2Feslint-8.2.0.tgz",
      "integrity": "sha1-r9BRkiPCnDRwh1Qsuu4v7cCHOxY=",
      "dev": true,
      "requires": {
        "@types/estree": "*",
        "@types/json-schema": "*"
      }
    },
    "@types/eslint-scope": {
      "version": "3.7.1",
      "resolved": "http://artifactory.intra.xiaojukeji.com/artifactory/api/npm/npm/@types/eslint-scope/download/@types/eslint-scope-3.7.1.tgz?dl=https%3A%2F%2Fregistry.npmmirror.com%2F%40types%2Feslint-scope%2Fdownload%2F%40types%2Feslint-scope-3.7.1.tgz",
      "integrity": "sha1-jcOQp7T53Z8ShGKe/OmC5BYSEW4=",
      "dev": true,
      "requires": {
        "@types/eslint": "*",
        "@types/estree": "*"
      }
    },
    "@types/estree": {
      "version": "0.0.50",
      "resolved": "http://artifactory.intra.xiaojukeji.com/artifactory/api/npm/npm/@types/estree/download/@types/estree-0.0.50.tgz?dl=https%3A%2F%2Fregistry.npmmirror.com%2F%40types%2Festree%2Fdownload%2F%40types%2Festree-0.0.50.tgz",
      "integrity": "sha1-Hgyqk2TT/M0pMcPtlv2+ql1MyoM=",
      "dev": true
    },
    "@types/json-schema": {
      "version": "7.0.9",
      "resolved": "http://artifactory.intra.xiaojukeji.com/artifactory/api/npm/npm/@types/json-schema/download/@types/json-schema-7.0.9.tgz?dl=https%3A%2F%2Fregistry.npmmirror.com%2F%40types%2Fjson-schema%2Fdownload%2F%40types%2Fjson-schema-7.0.9.tgz",
      "integrity": "sha1-l+3JA36gw4WFMgsolk3eOznkZg0=",
      "dev": true
    },
    "@types/node": {
      "version": "16.11.10",
      "resolved": "http://artifactory.intra.xiaojukeji.com/artifactory/api/npm/npm/@types/node/download/@types/node-16.11.10.tgz?dl=https%3A%2F%2Fregistry.npmmirror.com%2F%40types%2Fnode%2Fdownload%2F%40types%2Fnode-16.11.10.tgz",
      "integrity": "sha1-LjrQpoDZY2cQPT5nDUHC/tPaYa4=",
      "dev": true
    },
    "@webassemblyjs/ast": {
      "version": "1.11.1",
      "resolved": "http://artifactory.intra.xiaojukeji.com/artifactory/api/npm/npm/@webassemblyjs/ast/download/@webassemblyjs/ast-1.11.1.tgz?dl=https%3A%2F%2Fregistry.npmmirror.com%2F%40webassemblyjs%2Fast%2Fdownload%2F%40webassemblyjs%2Fast-1.11.1.tgz",
      "integrity": "sha1-K/12fq4aaZb0Mv9+jX/HVnnAtqc=",
      "dev": true,
      "requires": {
        "@webassemblyjs/helper-numbers": "1.11.1",
        "@webassemblyjs/helper-wasm-bytecode": "1.11.1"
      }
    },
    "@webassemblyjs/floating-point-hex-parser": {
      "version": "1.11.1",
      "resolved": "http://artifactory.intra.xiaojukeji.com/artifactory/api/npm/npm/@webassemblyjs/floating-point-hex-parser/download/@webassemblyjs/floating-point-hex-parser-1.11.1.tgz?dl=https%3A%2F%2Fregistry.npmmirror.com%2F%40webassemblyjs%2Ffloating-point-hex-parser%2Fdownload%2F%40webassemblyjs%2Ffloating-point-hex-parser-1.11.1.tgz",
      "integrity": "sha1-9sYacF8P16auyqToGY8j2dwXnk8=",
      "dev": true
    },
    "@webassemblyjs/helper-api-error": {
      "version": "1.11.1",
      "resolved": "http://artifactory.intra.xiaojukeji.com/artifactory/api/npm/npm/@webassemblyjs/helper-api-error/download/@webassemblyjs/helper-api-error-1.11.1.tgz?dl=https%3A%2F%2Fregistry.npmmirror.com%2F%40webassemblyjs%2Fhelper-api-error%2Fdownload%2F%40webassemblyjs%2Fhelper-api-error-1.11.1.tgz",
      "integrity": "sha1-GmMZLYeI5cASgAump6RscFKI/RY=",
      "dev": true
    },
    "@webassemblyjs/helper-buffer": {
      "version": "1.11.1",
      "resolved": "http://artifactory.intra.xiaojukeji.com/artifactory/api/npm/npm/@webassemblyjs/helper-buffer/download/@webassemblyjs/helper-buffer-1.11.1.tgz?dl=https%3A%2F%2Fregistry.npmmirror.com%2F%40webassemblyjs%2Fhelper-buffer%2Fdownload%2F%40webassemblyjs%2Fhelper-buffer-1.11.1.tgz",
      "integrity": "sha1-gyqQDrREiEzemnytRn+BUA9eWrU=",
      "dev": true
    },
    "@webassemblyjs/helper-numbers": {
      "version": "1.11.1",
      "resolved": "http://artifactory.intra.xiaojukeji.com/artifactory/api/npm/npm/@webassemblyjs/helper-numbers/download/@webassemblyjs/helper-numbers-1.11.1.tgz?dl=https%3A%2F%2Fregistry.npmmirror.com%2F%40webassemblyjs%2Fhelper-numbers%2Fdownload%2F%40webassemblyjs%2Fhelper-numbers-1.11.1.tgz",
      "integrity": "sha1-ZNgdohn7u6HjvRv8dPboxOEKYq4=",
      "dev": true,
      "requires": {
        "@webassemblyjs/floating-point-hex-parser": "1.11.1",
        "@webassemblyjs/helper-api-error": "1.11.1",
        "@xtuc/long": "4.2.2"
      }
    },
    "@webassemblyjs/helper-wasm-bytecode": {
      "version": "1.11.1",
      "resolved": "http://artifactory.intra.xiaojukeji.com/artifactory/api/npm/npm/@webassemblyjs/helper-wasm-bytecode/download/@webassemblyjs/helper-wasm-bytecode-1.11.1.tgz?dl=https%3A%2F%2Fregistry.npmmirror.com%2F%40webassemblyjs%2Fhelper-wasm-bytecode%2Fdownload%2F%40webassemblyjs%2Fhelper-wasm-bytecode-1.11.1.tgz",
      "integrity": "sha1-8ygkHkHnsZnQsgwY6IQpxEMyleE=",
      "dev": true
    },
    "@webassemblyjs/helper-wasm-section": {
      "version": "1.11.1",
      "resolved": "http://artifactory.intra.xiaojukeji.com/artifactory/api/npm/npm/@webassemblyjs/helper-wasm-section/download/@webassemblyjs/helper-wasm-section-1.11.1.tgz?dl=https%3A%2F%2Fregistry.npmmirror.com%2F%40webassemblyjs%2Fhelper-wasm-section%2Fdownload%2F%40webassemblyjs%2Fhelper-wasm-section-1.11.1.tgz",
      "integrity": "sha1-Ie4GWntjXzGec48N1zv72igcCXo=",
      "dev": true,
      "requires": {
        "@webassemblyjs/ast": "1.11.1",
        "@webassemblyjs/helper-buffer": "1.11.1",
        "@webassemblyjs/helper-wasm-bytecode": "1.11.1",
        "@webassemblyjs/wasm-gen": "1.11.1"
      }
    },
    "@webassemblyjs/ieee754": {
      "version": "1.11.1",
      "resolved": "http://artifactory.intra.xiaojukeji.com/artifactory/api/npm/npm/@webassemblyjs/ieee754/download/@webassemblyjs/ieee754-1.11.1.tgz?dl=https%3A%2F%2Fregistry.npmmirror.com%2F%40webassemblyjs%2Fieee754%2Fdownload%2F%40webassemblyjs%2Fieee754-1.11.1.tgz",
      "integrity": "sha1-ljkp6bvQVwnn4SJDoJkYCBKZJhQ=",
      "dev": true,
      "requires": {
        "@xtuc/ieee754": "^1.2.0"
      }
    },
    "@webassemblyjs/leb128": {
      "version": "1.11.1",
      "resolved": "http://artifactory.intra.xiaojukeji.com/artifactory/api/npm/npm/@webassemblyjs/leb128/download/@webassemblyjs/leb128-1.11.1.tgz?dl=https%3A%2F%2Fregistry.npmmirror.com%2F%40webassemblyjs%2Fleb128%2Fdownload%2F%40webassemblyjs%2Fleb128-1.11.1.tgz",
      "integrity": "sha1-zoFLRVdOk9drrh+yZEq5zdlSeqU=",
      "dev": true,
      "requires": {
        "@xtuc/long": "4.2.2"
      }
    },
    "@webassemblyjs/utf8": {
      "version": "1.11.1",
      "resolved": "http://artifactory.intra.xiaojukeji.com/artifactory/api/npm/npm/@webassemblyjs/utf8/download/@webassemblyjs/utf8-1.11.1.tgz?dl=https%3A%2F%2Fregistry.npmmirror.com%2F%40webassemblyjs%2Futf8%2Fdownload%2F%40webassemblyjs%2Futf8-1.11.1.tgz",
      "integrity": "sha1-0fi3ZDaefG5rrjUOhU3smlnwo/8=",
      "dev": true
    },
    "@webassemblyjs/wasm-edit": {
      "version": "1.11.1",
      "resolved": "http://artifactory.intra.xiaojukeji.com/artifactory/api/npm/npm/@webassemblyjs/wasm-edit/download/@webassemblyjs/wasm-edit-1.11.1.tgz?dl=https%3A%2F%2Fregistry.npmmirror.com%2F%40webassemblyjs%2Fwasm-edit%2Fdownload%2F%40webassemblyjs%2Fwasm-edit-1.11.1.tgz",
      "integrity": "sha1-rSBuv0v5WgWM6YgKjAksXeyBk9Y=",
      "dev": true,
      "requires": {
        "@webassemblyjs/ast": "1.11.1",
        "@webassemblyjs/helper-buffer": "1.11.1",
        "@webassemblyjs/helper-wasm-bytecode": "1.11.1",
        "@webassemblyjs/helper-wasm-section": "1.11.1",
        "@webassemblyjs/wasm-gen": "1.11.1",
        "@webassemblyjs/wasm-opt": "1.11.1",
        "@webassemblyjs/wasm-parser": "1.11.1",
        "@webassemblyjs/wast-printer": "1.11.1"
      }
    },
    "@webassemblyjs/wasm-gen": {
      "version": "1.11.1",
      "resolved": "http://artifactory.intra.xiaojukeji.com/artifactory/api/npm/npm/@webassemblyjs/wasm-gen/download/@webassemblyjs/wasm-gen-1.11.1.tgz?dl=https%3A%2F%2Fregistry.npmmirror.com%2F%40webassemblyjs%2Fwasm-gen%2Fdownload%2F%40webassemblyjs%2Fwasm-gen-1.11.1.tgz",
      "integrity": "sha1-hsXqMEhJdZt9iMR6MvTwOa48j3Y=",
      "dev": true,
      "requires": {
        "@webassemblyjs/ast": "1.11.1",
        "@webassemblyjs/helper-wasm-bytecode": "1.11.1",
        "@webassemblyjs/ieee754": "1.11.1",
        "@webassemblyjs/leb128": "1.11.1",
        "@webassemblyjs/utf8": "1.11.1"
      }
    },
    "@webassemblyjs/wasm-opt": {
      "version": "1.11.1",
      "resolved": "http://artifactory.intra.xiaojukeji.com/artifactory/api/npm/npm/@webassemblyjs/wasm-opt/download/@webassemblyjs/wasm-opt-1.11.1.tgz?dl=https%3A%2F%2Fregistry.npmmirror.com%2F%40webassemblyjs%2Fwasm-opt%2Fdownload%2F%40webassemblyjs%2Fwasm-opt-1.11.1.tgz",
      "integrity": "sha1-ZXtMIgL0zzs0X4pMZGHIwkGJhfI=",
      "dev": true,
      "requires": {
        "@webassemblyjs/ast": "1.11.1",
        "@webassemblyjs/helper-buffer": "1.11.1",
        "@webassemblyjs/wasm-gen": "1.11.1",
        "@webassemblyjs/wasm-parser": "1.11.1"
      }
    },
    "@webassemblyjs/wasm-parser": {
      "version": "1.11.1",
      "resolved": "http://artifactory.intra.xiaojukeji.com/artifactory/api/npm/npm/@webassemblyjs/wasm-parser/download/@webassemblyjs/wasm-parser-1.11.1.tgz?dl=https%3A%2F%2Fregistry.npmmirror.com%2F%40webassemblyjs%2Fwasm-parser%2Fdownload%2F%40webassemblyjs%2Fwasm-parser-1.11.1.tgz",
      "integrity": "sha1-hspzRTT0F+m9PGfHocddi+QfsZk=",
      "dev": true,
      "requires": {
        "@webassemblyjs/ast": "1.11.1",
        "@webassemblyjs/helper-api-error": "1.11.1",
        "@webassemblyjs/helper-wasm-bytecode": "1.11.1",
        "@webassemblyjs/ieee754": "1.11.1",
        "@webassemblyjs/leb128": "1.11.1",
        "@webassemblyjs/utf8": "1.11.1"
      }
    },
    "@webassemblyjs/wast-printer": {
      "version": "1.11.1",
      "resolved": "http://artifactory.intra.xiaojukeji.com/artifactory/api/npm/npm/@webassemblyjs/wast-printer/download/@webassemblyjs/wast-printer-1.11.1.tgz?dl=https%3A%2F%2Fregistry.npmmirror.com%2F%40webassemblyjs%2Fwast-printer%2Fdownload%2F%40webassemblyjs%2Fwast-printer-1.11.1.tgz",
      "integrity": "sha1-0Mc77ajuxUJvEK6O9VzuXnCEwvA=",
      "dev": true,
      "requires": {
        "@webassemblyjs/ast": "1.11.1",
        "@xtuc/long": "4.2.2"
      }
    },
    "@xtuc/ieee754": {
      "version": "1.2.0",
      "resolved": "http://artifactory.intra.xiaojukeji.com/artifactory/api/npm/npm/@xtuc/ieee754/download/@xtuc/ieee754-1.2.0.tgz?dl=https%3A%2F%2Fregistry.npmmirror.com%2F%40xtuc%2Fieee754%2Fdownload%2F%40xtuc%2Fieee754-1.2.0.tgz",
      "integrity": "sha1-7vAUoxRa5Hehy8AM0eVSM23Ot5A=",
      "dev": true
    },
    "@xtuc/long": {
      "version": "4.2.2",
      "resolved": "http://artifactory.intra.xiaojukeji.com/artifactory/api/npm/npm/@xtuc/long/download/@xtuc/long-4.2.2.tgz?dl=https%3A%2F%2Fregistry.npmmirror.com%2F%40xtuc%2Flong%2Fdownload%2F%40xtuc%2Flong-4.2.2.tgz",
      "integrity": "sha1-0pHGpOl5ibXGHZrPOWrk/hM6cY0=",
      "dev": true
    },
    "acorn": {
      "version": "8.6.0",
      "resolved": "http://artifactory.intra.xiaojukeji.com/artifactory/api/npm/npm/acorn/download/acorn-8.6.0.tgz?dl=https%3A%2F%2Fregistry.npmmirror.com%2Facorn%2Fdownload%2Facorn-8.6.0.tgz",
      "integrity": "sha1-42kroOsaDIPqpPN/X6c2jdcUKJU=",
      "dev": true
    },
    "acorn-import-assertions": {
      "version": "1.8.0",
      "resolved": "http://artifactory.intra.xiaojukeji.com/artifactory/api/npm/npm/acorn-import-assertions/download/acorn-import-assertions-1.8.0.tgz?dl=https%3A%2F%2Fregistry.npmmirror.com%2Facorn-import-assertions%2Fdownload%2Facorn-import-assertions-1.8.0.tgz",
      "integrity": "sha1-uitZOc5iwjjbbZPYHJsRGym4Vek=",
      "dev": true
    },
    "ajv": {
      "version": "6.12.6",
      "resolved": "http://artifactory.intra.xiaojukeji.com/artifactory/api/npm/npm/ajv/download/ajv-6.12.6.tgz?dl=https%3A%2F%2Fregistry.npmmirror.com%2Fajv%2Fdownload%2Fajv-6.12.6.tgz",
      "integrity": "sha1-uvWmLoArB9l3A0WG+MO69a3ybfQ=",
      "dev": true,
      "requires": {
        "fast-deep-equal": "^3.1.1",
        "fast-json-stable-stringify": "^2.0.0",
        "json-schema-traverse": "^0.4.1",
        "uri-js": "^4.2.2"
      }
    },
    "ajv-keywords": {
      "version": "3.5.2",
      "resolved": "http://artifactory.intra.xiaojukeji.com/artifactory/api/npm/npm/ajv-keywords/download/ajv-keywords-3.5.2.tgz?dl=https%3A%2F%2Fregistry.npmmirror.com%2Fajv-keywords%2Fdownload%2Fajv-keywords-3.5.2.tgz",
      "integrity": "sha1-MfKdpatuANHC0yms97WSlhTVAU0=",
      "dev": true
    },
    "browserslist": {
      "version": "4.18.1",
      "resolved": "http://artifactory.intra.xiaojukeji.com/artifactory/api/npm/npm/browserslist/download/browserslist-4.18.1.tgz?dl=https%3A%2F%2Fregistry.npmmirror.com%2Fbrowserslist%2Fdownload%2Fbrowserslist-4.18.1.tgz",
      "integrity": "sha1-YNOSDyW2hg65F8bHsYVXb02LAX8=",
      "dev": true,
      "requires": {
        "caniuse-lite": "^1.0.30001280",
        "electron-to-chromium": "^1.3.896",
        "escalade": "^3.1.1",
        "node-releases": "^2.0.1",
        "picocolors": "^1.0.0"
      }
    },
    "buffer-from": {
      "version": "1.1.2",
      "resolved": "http://artifactory.intra.xiaojukeji.com/artifactory/api/npm/npm/buffer-from/download/buffer-from-1.1.2.tgz?dl=https%3A%2F%2Fregistry.npmmirror.com%2Fbuffer-from%2Fdownload%2Fbuffer-from-1.1.2.tgz",
      "integrity": "sha1-KxRqb9cugLT1XSVfNe1Zo6mkG9U=",
      "dev": true
    },
    "caniuse-lite": {
      "version": "1.0.30001282",
      "resolved": "http://artifactory.intra.xiaojukeji.com/artifactory/api/npm/npm/caniuse-lite/download/caniuse-lite-1.0.30001282.tgz?dl=https%3A%2F%2Fregistry.npmmirror.com%2Fcaniuse-lite%2Fdownload%2Fcaniuse-lite-1.0.30001282.tgz",
      "integrity": "sha1-OMeB7gqQzP4f5/79AOQ/X/3Llv0=",
      "dev": true
    },
    "chrome-trace-event": {
      "version": "1.0.3",
      "resolved": "http://artifactory.intra.xiaojukeji.com/artifactory/api/npm/npm/chrome-trace-event/download/chrome-trace-event-1.0.3.tgz?dl=https%3A%2F%2Fregistry.npmmirror.com%2Fchrome-trace-event%2Fdownload%2Fchrome-trace-event-1.0.3.tgz",
      "integrity": "sha1-EBXs7UdB4V0GZkqVfbv1DQQeJqw=",
      "dev": true
    },
    "commander": {
      "version": "2.20.3",
      "resolved": "http://artifactory.intra.xiaojukeji.com/artifactory/api/npm/npm/commander/download/commander-2.20.3.tgz?dl=https%3A%2F%2Fregistry.npmmirror.com%2Fcommander%2Fdownload%2Fcommander-2.20.3.tgz",
      "integrity": "sha1-/UhehMA+tIgcIHIrpIA16FMa6zM=",
      "dev": true
    },
    "electron-to-chromium": {
      "version": "1.4.0",
      "resolved": "http://artifactory.intra.xiaojukeji.com/artifactory/api/npm/npm/electron-to-chromium/download/electron-to-chromium-1.4.0.tgz?dl=https%3A%2F%2Fregistry.npmmirror.com%2Felectron-to-chromium%2Fdownload%2Felectron-to-chromium-1.4.0.tgz",
      "integrity": "sha1-dFYZJRmDj4geNeQDi/StLDY1PmM=",
      "dev": true
    },
    "enhanced-resolve": {
      "version": "5.8.3",
      "resolved": "http://artifactory.intra.xiaojukeji.com/artifactory/api/npm/npm/enhanced-resolve/download/enhanced-resolve-5.8.3.tgz?dl=https%3A%2F%2Fregistry.npmmirror.com%2Fenhanced-resolve%2Fdownload%2Fenhanced-resolve-5.8.3.tgz",
      "integrity": "sha1-bVUtRlzOBCP1s9cYUR6lOCansvA=",
      "dev": true,
      "requires": {
        "graceful-fs": "^4.2.4",
        "tapable": "^2.2.0"
      }
    },
    "es-module-lexer": {
      "version": "0.9.3",
      "resolved": "http://artifactory.intra.xiaojukeji.com/artifactory/api/npm/npm/es-module-lexer/download/es-module-lexer-0.9.3.tgz?dl=https%3A%2F%2Fregistry.npmmirror.com%2Fes-module-lexer%2Fdownload%2Fes-module-lexer-0.9.3.tgz",
      "integrity": "sha1-bxPbAMw4QXE32vdDZvU1yOtDjxk=",
      "dev": true
    },
    "escalade": {
      "version": "3.1.1",
      "resolved": "http://artifactory.intra.xiaojukeji.com/artifactory/api/npm/npm/escalade/download/escalade-3.1.1.tgz?dl=https%3A%2F%2Fregistry.npmmirror.com%2Fescalade%2Fdownload%2Fescalade-3.1.1.tgz",
      "integrity": "sha1-2M/ccACWXFoBdLSoLqpcBVJ0LkA=",
      "dev": true
    },
    "eslint-scope": {
      "version": "5.1.1",
      "resolved": "http://artifactory.intra.xiaojukeji.com/artifactory/api/npm/npm/eslint-scope/download/eslint-scope-5.1.1.tgz?dl=https%3A%2F%2Fregistry.npmmirror.com%2Feslint-scope%2Fdownload%2Feslint-scope-5.1.1.tgz",
      "integrity": "sha1-54blmmbLkrP2wfsNUIqrF0hI9Iw=",
      "dev": true,
      "requires": {
        "esrecurse": "^4.3.0",
        "estraverse": "^4.1.1"
      }
    },
    "esrecurse": {
      "version": "4.3.0",
      "resolved": "http://artifactory.intra.xiaojukeji.com/artifactory/api/npm/npm/esrecurse/download/esrecurse-4.3.0.tgz?dl=https%3A%2F%2Fregistry.npmmirror.com%2Fesrecurse%2Fdownload%2Fesrecurse-4.3.0.tgz",
      "integrity": "sha1-eteWTWeauyi+5yzsY3WLHF0smSE=",
      "dev": true,
      "requires": {
        "estraverse": "^5.2.0"
      },
      "dependencies": {
        "estraverse": {
          "version": "5.3.0",
          "resolved": "http://artifactory.intra.xiaojukeji.com/artifactory/api/npm/npm/estraverse/download/estraverse-5.3.0.tgz?dl=https%3A%2F%2Fregistry.npmmirror.com%2Festraverse%2Fdownload%2Festraverse-5.3.0.tgz",
          "integrity": "sha1-LupSkHAvJquP5TcDcP+GyWXSESM=",
          "dev": true
        }
      }
    },
    "estraverse": {
      "version": "4.3.0",
      "resolved": "http://artifactory.intra.xiaojukeji.com/artifactory/api/npm/npm/estraverse/download/estraverse-4.3.0.tgz?dl=https%3A%2F%2Fregistry.npmmirror.com%2Festraverse%2Fdownload%2Festraverse-4.3.0.tgz",
      "integrity": "sha1-OYrT88WiSUi+dyXoPRGn3ijNvR0=",
      "dev": true
    },
    "events": {
      "version": "3.3.0",
      "resolved": "http://artifactory.intra.xiaojukeji.com/artifactory/api/npm/npm/events/download/events-3.3.0.tgz?dl=https%3A%2F%2Fregistry.npmmirror.com%2Fevents%2Fdownload%2Fevents-3.3.0.tgz",
      "integrity": "sha1-Mala0Kkk4tLEGagTrrLE6HjqdAA=",
      "dev": true
    },
    "fast-deep-equal": {
      "version": "3.1.3",
      "resolved": "http://artifactory.intra.xiaojukeji.com/artifactory/api/npm/npm/fast-deep-equal/download/fast-deep-equal-3.1.3.tgz?dl=https%3A%2F%2Fregistry.npmmirror.com%2Ffast-deep-equal%2Fdownload%2Ffast-deep-equal-3.1.3.tgz",
      "integrity": "sha1-On1WtVnWy8PrUSMlJE5hmmXGxSU=",
      "dev": true
    },
    "fast-json-stable-stringify": {
      "version": "2.1.0",
      "resolved": "http://artifactory.intra.xiaojukeji.com/artifactory/api/npm/npm/fast-json-stable-stringify/download/fast-json-stable-stringify-2.1.0.tgz?dl=https%3A%2F%2Fregistry.npmmirror.com%2Ffast-json-stable-stringify%2Fdownload%2Ffast-json-stable-stringify-2.1.0.tgz",
      "integrity": "sha1-h0v2nG9ATCtdmcSBNBOZ/VWJJjM=",
      "dev": true
    },
    "glob-to-regexp": {
      "version": "0.4.1",
      "resolved": "http://artifactory.intra.xiaojukeji.com/artifactory/api/npm/npm/glob-to-regexp/download/glob-to-regexp-0.4.1.tgz?dl=https%3A%2F%2Fregistry.npmmirror.com%2Fglob-to-regexp%2Fdownload%2Fglob-to-regexp-0.4.1.tgz",
      "integrity": "sha1-x1KXCHyFG5pXi9IX3VmpL1n+VG4=",
      "dev": true
    },
    "graceful-fs": {
      "version": "4.2.8",
      "resolved": "http://artifactory.intra.xiaojukeji.com/artifactory/api/npm/npm/graceful-fs/download/graceful-fs-4.2.8.tgz?dl=https%3A%2F%2Fregistry.npmmirror.com%2Fgraceful-fs%2Fdownload%2Fgraceful-fs-4.2.8.tgz",
      "integrity": "sha1-5BK40z9eAGWTy9PO5t+fLOu+gCo=",
      "dev": true
    },
    "has-flag": {
      "version": "4.0.0",
      "resolved": "http://artifactory.intra.xiaojukeji.com/artifactory/api/npm/npm/has-flag/download/has-flag-4.0.0.tgz?dl=https%3A%2F%2Fregistry.npmmirror.com%2Fhas-flag%2Fdownload%2Fhas-flag-4.0.0.tgz",
      "integrity": "sha1-lEdx/ZyByBJlxNaUGGDaBrtZR5s=",
      "dev": true
    },
    "jest-worker": {
      "version": "27.3.1",
      "resolved": "http://artifactory.intra.xiaojukeji.com/artifactory/api/npm/npm/jest-worker/download/jest-worker-27.3.1.tgz?dl=https%3A%2F%2Fregistry.npmmirror.com%2Fjest-worker%2Fdownload%2Fjest-worker-27.3.1.tgz",
      "integrity": "sha1-De9/6uW4BCvjhHl5mut7X6ysJLI=",
      "dev": true,
      "requires": {
        "@types/node": "*",
        "merge-stream": "^2.0.0",
        "supports-color": "^8.0.0"
      }
    },
    "json-parse-better-errors": {
      "version": "1.0.2",
      "resolved": "http://artifactory.intra.xiaojukeji.com/artifactory/api/npm/npm/json-parse-better-errors/download/json-parse-better-errors-1.0.2.tgz?dl=https%3A%2F%2Fregistry.npmmirror.com%2Fjson-parse-better-errors%2Fdownload%2Fjson-parse-better-errors-1.0.2.tgz",
      "integrity": "sha1-u4Z8+zRQ5pEHwTHRxRS6s9yLyqk=",
      "dev": true
    },
    "json-schema-traverse": {
      "version": "0.4.1",
      "resolved": "http://artifactory.intra.xiaojukeji.com/artifactory/api/npm/npm/json-schema-traverse/download/json-schema-traverse-0.4.1.tgz?dl=https%3A%2F%2Fregistry.npmmirror.com%2Fjson-schema-traverse%2Fdownload%2Fjson-schema-traverse-0.4.1.tgz",
      "integrity": "sha1-afaofZUTq4u4/mO9sJecRI5oRmA=",
      "dev": true
    },
    "loader-runner": {
      "version": "4.2.0",
      "resolved": "http://artifactory.intra.xiaojukeji.com/artifactory/api/npm/npm/loader-runner/download/loader-runner-4.2.0.tgz?dl=https%3A%2F%2Fregistry.npmmirror.com%2Floader-runner%2Fdownload%2Floader-runner-4.2.0.tgz",
      "integrity": "sha1-1wIjgNZtFMX7HUlriYZOvP1Hg4Q=",
      "dev": true
    },
    "merge-stream": {
      "version": "2.0.0",
      "resolved": "http://artifactory.intra.xiaojukeji.com/artifactory/api/npm/npm/merge-stream/download/merge-stream-2.0.0.tgz?dl=https%3A%2F%2Fregistry.npmmirror.com%2Fmerge-stream%2Fdownload%2Fmerge-stream-2.0.0.tgz",
      "integrity": "sha1-UoI2KaFN0AyXcPtq1H3GMQ8sH2A=",
      "dev": true
    },
    "mime-db": {
      "version": "1.51.0",
      "resolved": "http://artifactory.intra.xiaojukeji.com/artifactory/api/npm/npm/mime-db/download/mime-db-1.51.0.tgz?dl=https%3A%2F%2Fregistry.npmmirror.com%2Fmime-db%2Fdownload%2Fmime-db-1.51.0.tgz",
      "integrity": "sha1-2f9iRRhZsYNC2WCFDcPPt35j+ww=",
      "dev": true
    },
    "mime-types": {
      "version": "2.1.34",
      "resolved": "http://artifactory.intra.xiaojukeji.com/artifactory/api/npm/npm/mime-types/download/mime-types-2.1.34.tgz?dl=https%3A%2F%2Fregistry.npmmirror.com%2Fmime-types%2Fdownload%2Fmime-types-2.1.34.tgz",
      "integrity": "sha1-WnEvnsFQNRGpRYA2QPr+CdN5PCQ=",
      "dev": true,
      "requires": {
        "mime-db": "1.51.0"
      }
    },
    "neo-async": {
      "version": "2.6.2",
      "resolved": "http://artifactory.intra.xiaojukeji.com/artifactory/api/npm/npm/neo-async/download/neo-async-2.6.2.tgz?dl=https%3A%2F%2Fregistry.npmmirror.com%2Fneo-async%2Fdownload%2Fneo-async-2.6.2.tgz",
      "integrity": "sha1-tKr7k+OustgXTKU88WOrfXMIMF8=",
      "dev": true
    },
    "node-releases": {
      "version": "2.0.1",
      "resolved": "http://artifactory.intra.xiaojukeji.com/artifactory/api/npm/npm/node-releases/download/node-releases-2.0.1.tgz?dl=https%3A%2F%2Fregistry.npmmirror.com%2Fnode-releases%2Fdownload%2Fnode-releases-2.0.1.tgz",
      "integrity": "sha1-PR05XyBPHy8ppUNYuftnh2WtL8U=",
      "dev": true
    },
    "picocolors": {
      "version": "1.0.0",
      "resolved": "http://artifactory.intra.xiaojukeji.com/artifactory/api/npm/npm/picocolors/download/picocolors-1.0.0.tgz?dl=https%3A%2F%2Fregistry.npmmirror.com%2Fpicocolors%2Fdownload%2Fpicocolors-1.0.0.tgz",
      "integrity": "sha1-y1vcdP8/UYkiNur3nWi8RFZKuBw=",
      "dev": true
    },
    "punycode": {
      "version": "2.1.1",
      "resolved": "http://artifactory.intra.xiaojukeji.com/artifactory/api/npm/npm/punycode/download/punycode-2.1.1.tgz?dl=https%3A%2F%2Fregistry.npmmirror.com%2Fpunycode%2Fdownload%2Fpunycode-2.1.1.tgz",
      "integrity": "sha1-tYsBCsQMIsVldhbI0sLALHv0eew=",
      "dev": true
    },
    "randombytes": {
      "version": "2.1.0",
      "resolved": "http://artifactory.intra.xiaojukeji.com/artifactory/api/npm/npm/randombytes/download/randombytes-2.1.0.tgz?dl=https%3A%2F%2Fregistry.npmmirror.com%2Frandombytes%2Fdownload%2Frandombytes-2.1.0.tgz",
      "integrity": "sha1-32+ENy8CcNxlzfYpE0mrekc9Tyo=",
      "dev": true,
      "requires": {
        "safe-buffer": "^5.1.0"
      }
    },
    "safe-buffer": {
      "version": "5.2.1",
      "resolved": "http://artifactory.intra.xiaojukeji.com/artifactory/api/npm/npm/safe-buffer/download/safe-buffer-5.2.1.tgz?dl=https%3A%2F%2Fregistry.npmmirror.com%2Fsafe-buffer%2Fdownload%2Fsafe-buffer-5.2.1.tgz",
      "integrity": "sha1-Hq+fqb2x/dTsdfWPnNtOa3gn7sY=",
      "dev": true
    },
    "schema-utils": {
      "version": "3.1.1",
      "resolved": "http://artifactory.intra.xiaojukeji.com/artifactory/api/npm/npm/schema-utils/download/schema-utils-3.1.1.tgz?dl=https%3A%2F%2Fregistry.npmmirror.com%2Fschema-utils%2Fdownload%2Fschema-utils-3.1.1.tgz",
      "integrity": "sha1-vHTEtraZXB2I92qLd76nIZ4MgoE=",
      "dev": true,
      "requires": {
        "@types/json-schema": "^7.0.8",
        "ajv": "^6.12.5",
        "ajv-keywords": "^3.5.2"
      }
    },
    "serialize-javascript": {
      "version": "6.0.0",
      "resolved": "http://artifactory.intra.xiaojukeji.com/artifactory/api/npm/npm/serialize-javascript/download/serialize-javascript-6.0.0.tgz?dl=https%3A%2F%2Fregistry.npmmirror.com%2Fserialize-javascript%2Fdownload%2Fserialize-javascript-6.0.0.tgz",
      "integrity": "sha1-765diPRdeSQUHai1w6en5mP+/rg=",
      "dev": true,
      "requires": {
        "randombytes": "^2.1.0"
      }
    },
    "source-map": {
      "version": "0.6.1",
      "resolved": "http://artifactory.intra.xiaojukeji.com/artifactory/api/npm/npm/source-map/download/source-map-0.6.1.tgz?dl=https%3A%2F%2Fregistry.npmmirror.com%2Fsource-map%2Fdownload%2Fsource-map-0.6.1.tgz",
      "integrity": "sha1-dHIq8y6WFOnCh6jQu95IteLxomM=",
      "dev": true
    },
    "source-map-support": {
      "version": "0.5.21",
      "resolved": "http://artifactory.intra.xiaojukeji.com/artifactory/api/npm/npm/source-map-support/download/source-map-support-0.5.21.tgz?dl=https%3A%2F%2Fregistry.npmmirror.com%2Fsource-map-support%2Fdownload%2Fsource-map-support-0.5.21.tgz",
      "integrity": "sha1-BP58f54e0tZiIzwoyys1ufY/bk8=",
      "dev": true,
      "requires": {
        "buffer-from": "^1.0.0",
        "source-map": "^0.6.0"
      }
    },
    "supports-color": {
      "version": "8.1.1",
      "resolved": "http://artifactory.intra.xiaojukeji.com/artifactory/api/npm/npm/supports-color/download/supports-color-8.1.1.tgz?dl=https%3A%2F%2Fregistry.npmmirror.com%2Fsupports-color%2Fdownload%2Fsupports-color-8.1.1.tgz",
      "integrity": "sha1-zW/BfihQDP9WwbhsCn/UpUpzAFw=",
      "dev": true,
      "requires": {
        "has-flag": "^4.0.0"
      }
    },
    "tapable": {
      "version": "2.2.1",
      "resolved": "http://artifactory.intra.xiaojukeji.com/artifactory/api/npm/npm/tapable/download/tapable-2.2.1.tgz?dl=https%3A%2F%2Fregistry.npmmirror.com%2Ftapable%2Fdownload%2Ftapable-2.2.1.tgz",
      "integrity": "sha1-GWenPvQGCoLxKrlq+G1S/bdu7KA=",
      "dev": true
    },
    "terser": {
      "version": "5.14.2",
      "resolved": "https://registry.npmjs.org/terser/-/terser-5.14.2.tgz",
      "integrity": "sha512-oL0rGeM/WFQCUd0y2QrWxYnq7tfSuKBiqTjRPWrRgB46WD/kiwHwF8T23z78H6Q6kGCuuHcPB+KULHRdxvVGQA==",
      "dev": true,
      "requires": {
        "@jridgewell/source-map": "^0.3.2",
        "acorn": "^8.5.0",
        "commander": "^2.20.0",
        "source-map-support": "~0.5.20"
      }
    },
    "terser-webpack-plugin": {
      "version": "5.2.5",
      "resolved": "http://artifactory.intra.xiaojukeji.com/artifactory/api/npm/npm/terser-webpack-plugin/download/terser-webpack-plugin-5.2.5.tgz?dl=https%3A%2F%2Fregistry.npmmirror.com%2Fterser-webpack-plugin%2Fdownload%2Fterser-webpack-plugin-5.2.5.tgz",
      "integrity": "sha1-zmW5iAoMNoclVcSHT0W72wLuMsk=",
      "dev": true,
      "requires": {
        "jest-worker": "^27.0.6",
        "schema-utils": "^3.1.1",
        "serialize-javascript": "^6.0.0",
        "source-map": "^0.6.1",
        "terser": "^5.7.2"
      }
    },
    "uri-js": {
      "version": "4.4.1",
      "resolved": "http://artifactory.intra.xiaojukeji.com/artifactory/api/npm/npm/uri-js/download/uri-js-4.4.1.tgz?dl=https%3A%2F%2Fregistry.npmmirror.com%2Furi-js%2Fdownload%2Furi-js-4.4.1.tgz",
      "integrity": "sha1-mxpSWVIlhZ5V9mnZKPiMbFfyp34=",
      "dev": true,
      "requires": {
        "punycode": "^2.1.0"
      }
    },
    "watchpack": {
      "version": "2.3.0",
      "resolved": "http://artifactory.intra.xiaojukeji.com/artifactory/api/npm/npm/watchpack/download/watchpack-2.3.0.tgz?dl=https%3A%2F%2Fregistry.npmmirror.com%2Fwatchpack%2Fdownload%2Fwatchpack-2.3.0.tgz",
      "integrity": "sha1-pBvKPaavr/MekqQz9MhWoMJeoMQ=",
      "dev": true,
      "requires": {
        "glob-to-regexp": "^0.4.1",
        "graceful-fs": "^4.1.2"
      }
    },
    "webpack": {
      "version": "5.64.3",
      "resolved": "http://artifactory.intra.xiaojukeji.com/artifactory/api/npm/npm/webpack/download/webpack-5.64.3.tgz?dl=https%3A%2F%2Fregistry.npmmirror.com%2Fwebpack%2Fdownload%2Fwebpack-5.64.3.tgz",
      "integrity": "sha1-9Hksw/hSjbLBg3X6LNJp9p4L9p8=",
      "dev": true,
      "requires": {
        "@types/eslint-scope": "^3.7.0",
        "@types/estree": "^0.0.50",
        "@webassemblyjs/ast": "1.11.1",
        "@webassemblyjs/wasm-edit": "1.11.1",
        "@webassemblyjs/wasm-parser": "1.11.1",
        "acorn": "^8.4.1",
        "acorn-import-assertions": "^1.7.6",
        "browserslist": "^4.14.5",
        "chrome-trace-event": "^1.0.2",
        "enhanced-resolve": "^5.8.3",
        "es-module-lexer": "^0.9.0",
        "eslint-scope": "5.1.1",
        "events": "^3.2.0",
        "glob-to-regexp": "^0.4.1",
        "graceful-fs": "^4.2.4",
        "json-parse-better-errors": "^1.0.2",
        "loader-runner": "^4.2.0",
        "mime-types": "^2.1.27",
        "neo-async": "^2.6.2",
        "schema-utils": "^3.1.0",
        "tapable": "^2.1.1",
        "terser-webpack-plugin": "^5.1.3",
        "watchpack": "^2.2.0",
        "webpack-sources": "^3.2.2"
      }
    },
    "webpack-sources": {
      "version": "3.2.2",
      "resolved": "http://artifactory.intra.xiaojukeji.com/artifactory/api/npm/npm/webpack-sources/download/webpack-sources-3.2.2.tgz?dl=https%3A%2F%2Fregistry.npmmirror.com%2Fwebpack-sources%2Fdownload%2Fwebpack-sources-3.2.2.tgz",
      "integrity": "sha1-2I43QYM+/sV8THibYBDbmXdUUmA=",
      "dev": true
    }
  }
}
